// !$*UTF8*$!
{
	archiveVersion = 1;
	classes = {
	};
	objectVersion = 50;
	objects = {

/* Begin PBXBuildFile section */
		C01BFDF020D3CD8100A282D6 /* MenuCell.swift in Sources */ = {isa = PBXBuildFile; fileRef = C01BFDEF20D3CD8100A282D6 /* MenuCell.swift */; };
		C01BFDF220D3CDF600A282D6 /* MenuModel.swift in Sources */ = {isa = PBXBuildFile; fileRef = C01BFDF120D3CDF600A282D6 /* MenuModel.swift */; };
		C01BFDF420D3D13500A282D6 /* BabyVC.swift in Sources */ = {isa = PBXBuildFile; fileRef = C01BFDF320D3D13500A282D6 /* BabyVC.swift */; };
		C01BFDF620D3E3A500A282D6 /* TutorialHandlers.swift in Sources */ = {isa = PBXBuildFile; fileRef = C01BFDF520D3E3A500A282D6 /* TutorialHandlers.swift */; };
		C01BFDF820D3E4B000A282D6 /* BabyHandlers.swift in Sources */ = {isa = PBXBuildFile; fileRef = C01BFDF720D3E4B000A282D6 /* BabyHandlers.swift */; };
		C01BFDFA20D3E4C000A282D6 /* AboutHandlers.swift in Sources */ = {isa = PBXBuildFile; fileRef = C01BFDF920D3E4C000A282D6 /* AboutHandlers.swift */; };
		C01BFDFC20D3F40000A282D6 /* whales.mp3 in Resources */ = {isa = PBXBuildFile; fileRef = C01BFDFB20D3F40000A282D6 /* whales.mp3 */; };
		C0C694F020D2594800FED852 /* AppDelegate.swift in Sources */ = {isa = PBXBuildFile; fileRef = C0C694EF20D2594800FED852 /* AppDelegate.swift */; };
		C0C694F520D2594800FED852 /* Main.storyboard in Resources */ = {isa = PBXBuildFile; fileRef = C0C694F320D2594800FED852 /* Main.storyboard */; };
		C0C694F820D2594800FED852 /* Sweet_Dreams_App.xcdatamodeld in Sources */ = {isa = PBXBuildFile; fileRef = C0C694F620D2594800FED852 /* Sweet_Dreams_App.xcdatamodeld */; };
		C0C694FA20D2594B00FED852 /* Assets.xcassets in Resources */ = {isa = PBXBuildFile; fileRef = C0C694F920D2594B00FED852 /* Assets.xcassets */; };
		C0C694FD20D2594B00FED852 /* LaunchScreen.storyboard in Resources */ = {isa = PBXBuildFile; fileRef = C0C694FB20D2594B00FED852 /* LaunchScreen.storyboard */; };
		C0C6950820D2594B00FED852 /* Sweet_Dreams_AppTests.swift in Sources */ = {isa = PBXBuildFile; fileRef = C0C6950720D2594B00FED852 /* Sweet_Dreams_AppTests.swift */; };
		C0C6951320D2594B00FED852 /* Sweet_Dreams_AppUITests.swift in Sources */ = {isa = PBXBuildFile; fileRef = C0C6951220D2594B00FED852 /* Sweet_Dreams_AppUITests.swift */; };
		C0C6952120D259A900FED852 /* MenuVC.swift in Sources */ = {isa = PBXBuildFile; fileRef = C0C6952020D259A900FED852 /* MenuVC.swift */; };
		C0C6952320D259D000FED852 /* MainVC.swift in Sources */ = {isa = PBXBuildFile; fileRef = C0C6952220D259D000FED852 /* MainVC.swift */; };
		C0C6952520D259E100FED852 /* TutorialVC.swift in Sources */ = {isa = PBXBuildFile; fileRef = C0C6952420D259E100FED852 /* TutorialVC.swift */; };
		C0C6952720D259F900FED852 /* AboutVC.swift in Sources */ = {isa = PBXBuildFile; fileRef = C0C6952620D259F900FED852 /* AboutVC.swift */; };
		C0C6952A20D2620700FED852 /* MenuHandlers.swift in Sources */ = {isa = PBXBuildFile; fileRef = C0C6952920D2620700FED852 /* MenuHandlers.swift */; };
		C0C6952C20D2636B00FED852 /* MainHandler.swift in Sources */ = {isa = PBXBuildFile; fileRef = C0C6952B20D2636B00FED852 /* MainHandler.swift */; };
		C0C6952F20D265D500FED852 /* MainCollectionExt.swift in Sources */ = {isa = PBXBuildFile; fileRef = C0C6952E20D265D500FED852 /* MainCollectionExt.swift */; };
		C0C6953220D2666100FED852 /* MelodieCell.swift in Sources */ = {isa = PBXBuildFile; fileRef = C0C6953120D2666100FED852 /* MelodieCell.swift */; };
		C0C6953520D2668800FED852 /* MelodieModel.swift in Sources */ = {isa = PBXBuildFile; fileRef = C0C6953420D2668800FED852 /* MelodieModel.swift */; };
		C0C6954220D2899B00FED852 /* cleaner.mp3 in Resources */ = {isa = PBXBuildFile; fileRef = C0C6953720D2898E00FED852 /* cleaner.mp3 */; };
		C0C6954320D2899B00FED852 /* dryer.mp3 in Resources */ = {isa = PBXBuildFile; fileRef = C0C6953820D2898F00FED852 /* dryer.mp3 */; };
		C0C6954420D2899B00FED852 /* rain.mp3 in Resources */ = {isa = PBXBuildFile; fileRef = C0C6953920D2899000FED852 /* rain.mp3 */; };
		C0C6954520D2899B00FED852 /* train.mp3 in Resources */ = {isa = PBXBuildFile; fileRef = C0C6953A20D2899200FED852 /* train.mp3 */; };
		C0C6954620D2899B00FED852 /* start.mp3 in Resources */ = {isa = PBXBuildFile; fileRef = C0C6953B20D2899200FED852 /* start.mp3 */; };
		C0C6954720D2899B00FED852 /* sea.mp3 in Resources */ = {isa = PBXBuildFile; fileRef = C0C6953C20D2899400FED852 /* sea.mp3 */; };
		C0C6954820D2899B00FED852 /* fireplace.mp3 in Resources */ = {isa = PBXBuildFile; fileRef = C0C6953D20D2899500FED852 /* fireplace.mp3 */; };
		C0C6954920D2899B00FED852 /* city.mp3 in Resources */ = {isa = PBXBuildFile; fileRef = C0C6953E20D2899600FED852 /* city.mp3 */; };
		C0C6954A20D2899B00FED852 /* forest.mp3 in Resources */ = {isa = PBXBuildFile; fileRef = C0C6953F20D2899800FED852 /* forest.mp3 */; };
		C0C6954B20D2899B00FED852 /* river.mp3 in Resources */ = {isa = PBXBuildFile; fileRef = C0C6954020D2899A00FED852 /* river.mp3 */; };
		C0C6954C20D2899B00FED852 /* winter.mp3 in Resources */ = {isa = PBXBuildFile; fileRef = C0C6954120D2899B00FED852 /* winter.mp3 */; };
		C0E6949F20D2AB7B00B7E0BE /* desert.mp3 in Resources */ = {isa = PBXBuildFile; fileRef = C0E6949E20D2AB7B00B7E0BE /* desert.mp3 */; };
/* End PBXBuildFile section */

/* Begin PBXContainerItemProxy section */
		C0C6950420D2594B00FED852 /* PBXContainerItemProxy */ = {
			isa = PBXContainerItemProxy;
			containerPortal = C0C694E420D2594800FED852 /* Project object */;
			proxyType = 1;
			remoteGlobalIDString = C0C694EB20D2594800FED852;
			remoteInfo = "Sweet Dreams App";
		};
		C0C6950F20D2594B00FED852 /* PBXContainerItemProxy */ = {
			isa = PBXContainerItemProxy;
			containerPortal = C0C694E420D2594800FED852 /* Project object */;
			proxyType = 1;
			remoteGlobalIDString = C0C694EB20D2594800FED852;
			remoteInfo = "Sweet Dreams App";
		};
/* End PBXContainerItemProxy section */

/* Begin PBXFileReference section */
		C01BFDEF20D3CD8100A282D6 /* MenuCell.swift */ = {isa = PBXFileReference; lastKnownFileType = sourcecode.swift; path = MenuCell.swift; sourceTree = "<group>"; };
		C01BFDF120D3CDF600A282D6 /* MenuModel.swift */ = {isa = PBXFileReference; lastKnownFileType = sourcecode.swift; path = MenuModel.swift; sourceTree = "<group>"; };
		C01BFDF320D3D13500A282D6 /* BabyVC.swift */ = {isa = PBXFileReference; lastKnownFileType = sourcecode.swift; path = BabyVC.swift; sourceTree = "<group>"; };
		C01BFDF520D3E3A500A282D6 /* TutorialHandlers.swift */ = {isa = PBXFileReference; lastKnownFileType = sourcecode.swift; path = TutorialHandlers.swift; sourceTree = "<group>"; };
		C01BFDF720D3E4B000A282D6 /* BabyHandlers.swift */ = {isa = PBXFileReference; lastKnownFileType = sourcecode.swift; path = BabyHandlers.swift; sourceTree = "<group>"; };
		C01BFDF920D3E4C000A282D6 /* AboutHandlers.swift */ = {isa = PBXFileReference; lastKnownFileType = sourcecode.swift; path = AboutHandlers.swift; sourceTree = "<group>"; };
		C01BFDFB20D3F40000A282D6 /* whales.mp3 */ = {isa = PBXFileReference; lastKnownFileType = audio.mp3; path = whales.mp3; sourceTree = "<group>"; };
		C0C694EC20D2594800FED852 /* Sweet Dreams App.app */ = {isa = PBXFileReference; explicitFileType = wrapper.application; includeInIndex = 0; path = "Sweet Dreams App.app"; sourceTree = BUILT_PRODUCTS_DIR; };
		C0C694EF20D2594800FED852 /* AppDelegate.swift */ = {isa = PBXFileReference; lastKnownFileType = sourcecode.swift; path = AppDelegate.swift; sourceTree = "<group>"; };
		C0C694F420D2594800FED852 /* Base */ = {isa = PBXFileReference; lastKnownFileType = file.storyboard; name = Base; path = Base.lproj/Main.storyboard; sourceTree = "<group>"; };
		C0C694F720D2594800FED852 /* Sweet_Dreams_App.xcdatamodel */ = {isa = PBXFileReference; lastKnownFileType = wrapper.xcdatamodel; path = Sweet_Dreams_App.xcdatamodel; sourceTree = "<group>"; };
		C0C694F920D2594B00FED852 /* Assets.xcassets */ = {isa = PBXFileReference; lastKnownFileType = folder.assetcatalog; path = Assets.xcassets; sourceTree = "<group>"; };
		C0C694FC20D2594B00FED852 /* Base */ = {isa = PBXFileReference; lastKnownFileType = file.storyboard; name = Base; path = Base.lproj/LaunchScreen.storyboard; sourceTree = "<group>"; };
		C0C694FE20D2594B00FED852 /* Info.plist */ = {isa = PBXFileReference; lastKnownFileType = text.plist.xml; path = Info.plist; sourceTree = "<group>"; };
		C0C6950320D2594B00FED852 /* Sweet Dreams AppTests.xctest */ = {isa = PBXFileReference; explicitFileType = wrapper.cfbundle; includeInIndex = 0; path = "Sweet Dreams AppTests.xctest"; sourceTree = BUILT_PRODUCTS_DIR; };
		C0C6950720D2594B00FED852 /* Sweet_Dreams_AppTests.swift */ = {isa = PBXFileReference; lastKnownFileType = sourcecode.swift; path = Sweet_Dreams_AppTests.swift; sourceTree = "<group>"; };
		C0C6950920D2594B00FED852 /* Info.plist */ = {isa = PBXFileReference; lastKnownFileType = text.plist.xml; path = Info.plist; sourceTree = "<group>"; };
		C0C6950E20D2594B00FED852 /* Sweet Dreams AppUITests.xctest */ = {isa = PBXFileReference; explicitFileType = wrapper.cfbundle; includeInIndex = 0; path = "Sweet Dreams AppUITests.xctest"; sourceTree = BUILT_PRODUCTS_DIR; };
		C0C6951220D2594B00FED852 /* Sweet_Dreams_AppUITests.swift */ = {isa = PBXFileReference; lastKnownFileType = sourcecode.swift; path = Sweet_Dreams_AppUITests.swift; sourceTree = "<group>"; };
		C0C6951420D2594B00FED852 /* Info.plist */ = {isa = PBXFileReference; lastKnownFileType = text.plist.xml; path = Info.plist; sourceTree = "<group>"; };
		C0C6952020D259A900FED852 /* MenuVC.swift */ = {isa = PBXFileReference; lastKnownFileType = sourcecode.swift; path = MenuVC.swift; sourceTree = "<group>"; };
		C0C6952220D259D000FED852 /* MainVC.swift */ = {isa = PBXFileReference; lastKnownFileType = sourcecode.swift; path = MainVC.swift; sourceTree = "<group>"; };
		C0C6952420D259E100FED852 /* TutorialVC.swift */ = {isa = PBXFileReference; lastKnownFileType = sourcecode.swift; path = TutorialVC.swift; sourceTree = "<group>"; };
		C0C6952620D259F900FED852 /* AboutVC.swift */ = {isa = PBXFileReference; lastKnownFileType = sourcecode.swift; path = AboutVC.swift; sourceTree = "<group>"; };
		C0C6952920D2620700FED852 /* MenuHandlers.swift */ = {isa = PBXFileReference; lastKnownFileType = sourcecode.swift; path = MenuHandlers.swift; sourceTree = "<group>"; };
		C0C6952B20D2636B00FED852 /* MainHandler.swift */ = {isa = PBXFileReference; lastKnownFileType = sourcecode.swift; path = MainHandler.swift; sourceTree = "<group>"; };
		C0C6952E20D265D500FED852 /* MainCollectionExt.swift */ = {isa = PBXFileReference; lastKnownFileType = sourcecode.swift; path = MainCollectionExt.swift; sourceTree = "<group>"; };
		C0C6953120D2666100FED852 /* MelodieCell.swift */ = {isa = PBXFileReference; lastKnownFileType = sourcecode.swift; path = MelodieCell.swift; sourceTree = "<group>"; };
		C0C6953420D2668800FED852 /* MelodieModel.swift */ = {isa = PBXFileReference; lastKnownFileType = sourcecode.swift; path = MelodieModel.swift; sourceTree = "<group>"; };
		C0C6953720D2898E00FED852 /* cleaner.mp3 */ = {isa = PBXFileReference; lastKnownFileType = audio.mp3; path = cleaner.mp3; sourceTree = "<group>"; };
		C0C6953820D2898F00FED852 /* dryer.mp3 */ = {isa = PBXFileReference; lastKnownFileType = audio.mp3; path = dryer.mp3; sourceTree = "<group>"; };
		C0C6953920D2899000FED852 /* rain.mp3 */ = {isa = PBXFileReference; lastKnownFileType = audio.mp3; path = rain.mp3; sourceTree = "<group>"; };
		C0C6953A20D2899200FED852 /* train.mp3 */ = {isa = PBXFileReference; lastKnownFileType = audio.mp3; path = train.mp3; sourceTree = "<group>"; };
		C0C6953B20D2899200FED852 /* start.mp3 */ = {isa = PBXFileReference; lastKnownFileType = audio.mp3; path = start.mp3; sourceTree = "<group>"; };
		C0C6953C20D2899400FED852 /* sea.mp3 */ = {isa = PBXFileReference; lastKnownFileType = audio.mp3; path = sea.mp3; sourceTree = "<group>"; };
		C0C6953D20D2899500FED852 /* fireplace.mp3 */ = {isa = PBXFileReference; lastKnownFileType = audio.mp3; path = fireplace.mp3; sourceTree = "<group>"; };
		C0C6953E20D2899600FED852 /* city.mp3 */ = {isa = PBXFileReference; lastKnownFileType = audio.mp3; path = city.mp3; sourceTree = "<group>"; };
		C0C6953F20D2899800FED852 /* forest.mp3 */ = {isa = PBXFileReference; lastKnownFileType = audio.mp3; path = forest.mp3; sourceTree = "<group>"; };
		C0C6954020D2899A00FED852 /* river.mp3 */ = {isa = PBXFileReference; lastKnownFileType = audio.mp3; path = river.mp3; sourceTree = "<group>"; };
		C0C6954120D2899B00FED852 /* winter.mp3 */ = {isa = PBXFileReference; lastKnownFileType = audio.mp3; path = winter.mp3; sourceTree = "<group>"; };
		C0E6949E20D2AB7B00B7E0BE /* desert.mp3 */ = {isa = PBXFileReference; lastKnownFileType = audio.mp3; path = desert.mp3; sourceTree = "<group>"; };
/* End PBXFileReference section */

/* Begin PBXFrameworksBuildPhase section */
		C0C694E920D2594800FED852 /* Frameworks */ = {
			isa = PBXFrameworksBuildPhase;
			buildActionMask = 2147483647;
			files = (
			);
			runOnlyForDeploymentPostprocessing = 0;
		};
		C0C6950020D2594B00FED852 /* Frameworks */ = {
			isa = PBXFrameworksBuildPhase;
			buildActionMask = 2147483647;
			files = (
			);
			runOnlyForDeploymentPostprocessing = 0;
		};
		C0C6950B20D2594B00FED852 /* Frameworks */ = {
			isa = PBXFrameworksBuildPhase;
			buildActionMask = 2147483647;
			files = (
			);
			runOnlyForDeploymentPostprocessing = 0;
		};
/* End PBXFrameworksBuildPhase section */

/* Begin PBXGroup section */
		C0C694E320D2594800FED852 = {
			isa = PBXGroup;
			children = (
				C0C694EE20D2594800FED852 /* Sweet Dreams App */,
				C0C6950620D2594B00FED852 /* Sweet Dreams AppTests */,
				C0C6951120D2594B00FED852 /* Sweet Dreams AppUITests */,
				C0C694ED20D2594800FED852 /* Products */,
			);
			sourceTree = "<group>";
		};
		C0C694ED20D2594800FED852 /* Products */ = {
			isa = PBXGroup;
			children = (
				C0C694EC20D2594800FED852 /* Sweet Dreams App.app */,
				C0C6950320D2594B00FED852 /* Sweet Dreams AppTests.xctest */,
				C0C6950E20D2594B00FED852 /* Sweet Dreams AppUITests.xctest */,
			);
			name = Products;
			sourceTree = "<group>";
		};
		C0C694EE20D2594800FED852 /* Sweet Dreams App */ = {
			isa = PBXGroup;
			children = (
				C0C694EF20D2594800FED852 /* AppDelegate.swift */,
				C0C694F320D2594800FED852 /* Main.storyboard */,
				C0C6952820D25A0C00FED852 /* VC */,
				C0C6952D20D263A100FED852 /* Handlers */,
				C0C6953020D2662000FED852 /* Extensions */,
				C0C6953620D2669700FED852 /* Models */,
				C0C694F920D2594B00FED852 /* Assets.xcassets */,
				C0C6954D20D289AB00FED852 /* Sounds */,
				C0C694FB20D2594B00FED852 /* LaunchScreen.storyboard */,
				C0C694FE20D2594B00FED852 /* Info.plist */,
				C0C694F620D2594800FED852 /* Sweet_Dreams_App.xcdatamodeld */,
			);
			path = "Sweet Dreams App";
			sourceTree = "<group>";
		};
		C0C6950620D2594B00FED852 /* Sweet Dreams AppTests */ = {
			isa = PBXGroup;
			children = (
				C0C6950720D2594B00FED852 /* Sweet_Dreams_AppTests.swift */,
				C0C6950920D2594B00FED852 /* Info.plist */,
			);
			path = "Sweet Dreams AppTests";
			sourceTree = "<group>";
		};
		C0C6951120D2594B00FED852 /* Sweet Dreams AppUITests */ = {
			isa = PBXGroup;
			children = (
				C0C6951220D2594B00FED852 /* Sweet_Dreams_AppUITests.swift */,
				C0C6951420D2594B00FED852 /* Info.plist */,
			);
			path = "Sweet Dreams AppUITests";
			sourceTree = "<group>";
		};
		C0C6952820D25A0C00FED852 /* VC */ = {
			isa = PBXGroup;
			children = (
				C0C6952020D259A900FED852 /* MenuVC.swift */,
				C0C6952220D259D000FED852 /* MainVC.swift */,
				C0C6952420D259E100FED852 /* TutorialVC.swift */,
				C01BFDF320D3D13500A282D6 /* BabyVC.swift */,
				C0C6952620D259F900FED852 /* AboutVC.swift */,
			);
			path = VC;
			sourceTree = "<group>";
		};
		C0C6952D20D263A100FED852 /* Handlers */ = {
			isa = PBXGroup;
			children = (
				C0C6952920D2620700FED852 /* MenuHandlers.swift */,
				C0C6952B20D2636B00FED852 /* MainHandler.swift */,
				C01BFDF520D3E3A500A282D6 /* TutorialHandlers.swift */,
				C01BFDF720D3E4B000A282D6 /* BabyHandlers.swift */,
				C01BFDF920D3E4C000A282D6 /* AboutHandlers.swift */,
			);
			path = Handlers;
			sourceTree = "<group>";
		};
		C0C6953020D2662000FED852 /* Extensions */ = {
			isa = PBXGroup;
			children = (
				C0C6952E20D265D500FED852 /* MainCollectionExt.swift */,
				C0C6953320D2666600FED852 /* Cell */,
			);
			path = Extensions;
			sourceTree = "<group>";
		};
		C0C6953320D2666600FED852 /* Cell */ = {
			isa = PBXGroup;
			children = (
				C0C6953120D2666100FED852 /* MelodieCell.swift */,
				C01BFDEF20D3CD8100A282D6 /* MenuCell.swift */,
			);
			path = Cell;
			sourceTree = "<group>";
		};
		C0C6953620D2669700FED852 /* Models */ = {
			isa = PBXGroup;
			children = (
				C0C6953420D2668800FED852 /* MelodieModel.swift */,
				C01BFDF120D3CDF600A282D6 /* MenuModel.swift */,
			);
			path = Models;
			sourceTree = "<group>";
		};
		C0C6954D20D289AB00FED852 /* Sounds */ = {
			isa = PBXGroup;
			children = (
				C0C6953E20D2899600FED852 /* city.mp3 */,
				C0C6953720D2898E00FED852 /* cleaner.mp3 */,
				C0C6953820D2898F00FED852 /* dryer.mp3 */,
				C0C6953D20D2899500FED852 /* fireplace.mp3 */,
				C0C6953F20D2899800FED852 /* forest.mp3 */,
				C0C6953920D2899000FED852 /* rain.mp3 */,
				C0C6954020D2899A00FED852 /* river.mp3 */,
				C0C6953C20D2899400FED852 /* sea.mp3 */,
				C0C6953B20D2899200FED852 /* start.mp3 */,
				C0C6953A20D2899200FED852 /* train.mp3 */,
				C0C6954120D2899B00FED852 /* winter.mp3 */,
				C0E6949E20D2AB7B00B7E0BE /* desert.mp3 */,
				C01BFDFB20D3F40000A282D6 /* whales.mp3 */,
			);
			path = Sounds;
			sourceTree = "<group>";
		};
/* End PBXGroup section */

/* Begin PBXNativeTarget section */
		C0C694EB20D2594800FED852 /* Sweet Dreams App */ = {
			isa = PBXNativeTarget;
			buildConfigurationList = C0C6951720D2594B00FED852 /* Build configuration list for PBXNativeTarget "Sweet Dreams App" */;
			buildPhases = (
				C0C694E820D2594800FED852 /* Sources */,
				C0C694E920D2594800FED852 /* Frameworks */,
				C0C694EA20D2594800FED852 /* Resources */,
			);
			buildRules = (
			);
			dependencies = (
			);
			name = "Sweet Dreams App";
			productName = "Sweet Dreams App";
			productReference = C0C694EC20D2594800FED852 /* Sweet Dreams App.app */;
			productType = "com.apple.product-type.application";
		};
		C0C6950220D2594B00FED852 /* Sweet Dreams AppTests */ = {
			isa = PBXNativeTarget;
			buildConfigurationList = C0C6951A20D2594B00FED852 /* Build configuration list for PBXNativeTarget "Sweet Dreams AppTests" */;
			buildPhases = (
				C0C694FF20D2594B00FED852 /* Sources */,
				C0C6950020D2594B00FED852 /* Frameworks */,
				C0C6950120D2594B00FED852 /* Resources */,
			);
			buildRules = (
			);
			dependencies = (
				C0C6950520D2594B00FED852 /* PBXTargetDependency */,
			);
			name = "Sweet Dreams AppTests";
			productName = "Sweet Dreams AppTests";
			productReference = C0C6950320D2594B00FED852 /* Sweet Dreams AppTests.xctest */;
			productType = "com.apple.product-type.bundle.unit-test";
		};
		C0C6950D20D2594B00FED852 /* Sweet Dreams AppUITests */ = {
			isa = PBXNativeTarget;
			buildConfigurationList = C0C6951D20D2594B00FED852 /* Build configuration list for PBXNativeTarget "Sweet Dreams AppUITests" */;
			buildPhases = (
				C0C6950A20D2594B00FED852 /* Sources */,
				C0C6950B20D2594B00FED852 /* Frameworks */,
				C0C6950C20D2594B00FED852 /* Resources */,
			);
			buildRules = (
			);
			dependencies = (
				C0C6951020D2594B00FED852 /* PBXTargetDependency */,
			);
			name = "Sweet Dreams AppUITests";
			productName = "Sweet Dreams AppUITests";
			productReference = C0C6950E20D2594B00FED852 /* Sweet Dreams AppUITests.xctest */;
			productType = "com.apple.product-type.bundle.ui-testing";
		};
/* End PBXNativeTarget section */

/* Begin PBXProject section */
		C0C694E420D2594800FED852 /* Project object */ = {
			isa = PBXProject;
			attributes = {
				LastSwiftUpdateCheck = 0940;
				LastUpgradeCheck = 0940;
				ORGANIZATIONNAME = "Uladzislau Daratsiuk";
				TargetAttributes = {
					C0C694EB20D2594800FED852 = {
						CreatedOnToolsVersion = 9.4;
						SystemCapabilities = {
							com.apple.BackgroundModes = {
								enabled = 1;
							};
						};
					};
					C0C6950220D2594B00FED852 = {
						CreatedOnToolsVersion = 9.4;
						TestTargetID = C0C694EB20D2594800FED852;
					};
					C0C6950D20D2594B00FED852 = {
						CreatedOnToolsVersion = 9.4;
						TestTargetID = C0C694EB20D2594800FED852;
					};
				};
			};
			buildConfigurationList = C0C694E720D2594800FED852 /* Build configuration list for PBXProject "Sweet Dreams App" */;
			compatibilityVersion = "Xcode 9.3";
			developmentRegion = en;
			hasScannedForEncodings = 0;
			knownRegions = (
				en,
				Base,
			);
			mainGroup = C0C694E320D2594800FED852;
			productRefGroup = C0C694ED20D2594800FED852 /* Products */;
			projectDirPath = "";
			projectRoot = "";
			targets = (
				C0C694EB20D2594800FED852 /* Sweet Dreams App */,
				C0C6950220D2594B00FED852 /* Sweet Dreams AppTests */,
				C0C6950D20D2594B00FED852 /* Sweet Dreams AppUITests */,
			);
		};
/* End PBXProject section */

/* Begin PBXResourcesBuildPhase section */
		C0C694EA20D2594800FED852 /* Resources */ = {
			isa = PBXResourcesBuildPhase;
			buildActionMask = 2147483647;
			files = (
				C0C694FD20D2594B00FED852 /* LaunchScreen.storyboard in Resources */,
				C0C6954520D2899B00FED852 /* train.mp3 in Resources */,
				C0E6949F20D2AB7B00B7E0BE /* desert.mp3 in Resources */,
				C0C6954820D2899B00FED852 /* fireplace.mp3 in Resources */,
				C0C6954C20D2899B00FED852 /* winter.mp3 in Resources */,
				C0C6954B20D2899B00FED852 /* river.mp3 in Resources */,
				C0C694FA20D2594B00FED852 /* Assets.xcassets in Resources */,
				C0C6954420D2899B00FED852 /* rain.mp3 in Resources */,
				C0C694F520D2594800FED852 /* Main.storyboard in Resources */,
				C0C6954920D2899B00FED852 /* city.mp3 in Resources */,
				C0C6954A20D2899B00FED852 /* forest.mp3 in Resources */,
				C0C6954620D2899B00FED852 /* start.mp3 in Resources */,
				C01BFDFC20D3F40000A282D6 /* whales.mp3 in Resources */,
				C0C6954720D2899B00FED852 /* sea.mp3 in Resources */,
				C0C6954220D2899B00FED852 /* cleaner.mp3 in Resources */,
				C0C6954320D2899B00FED852 /* dryer.mp3 in Resources */,
			);
			runOnlyForDeploymentPostprocessing = 0;
		};
		C0C6950120D2594B00FED852 /* Resources */ = {
			isa = PBXResourcesBuildPhase;
			buildActionMask = 2147483647;
			files = (
			);
			runOnlyForDeploymentPostprocessing = 0;
		};
		C0C6950C20D2594B00FED852 /* Resources */ = {
			isa = PBXResourcesBuildPhase;
			buildActionMask = 2147483647;
			files = (
			);
			runOnlyForDeploymentPostprocessing = 0;
		};
/* End PBXResourcesBuildPhase section */

/* Begin PBXSourcesBuildPhase section */
		C0C694E820D2594800FED852 /* Sources */ = {
			isa = PBXSourcesBuildPhase;
			buildActionMask = 2147483647;
			files = (
				C0C694F020D2594800FED852 /* AppDelegate.swift in Sources */,
				C0C6953220D2666100FED852 /* MelodieCell.swift in Sources */,
				C01BFDF020D3CD8100A282D6 /* MenuCell.swift in Sources */,
				C0C6952320D259D000FED852 /* MainVC.swift in Sources */,
				C0C6952A20D2620700FED852 /* MenuHandlers.swift in Sources */,
				C0C6952720D259F900FED852 /* AboutVC.swift in Sources */,
				C0C694F820D2594800FED852 /* Sweet_Dreams_App.xcdatamodeld in Sources */,
				C01BFDF620D3E3A500A282D6 /* TutorialHandlers.swift in Sources */,
				C0C6952F20D265D500FED852 /* MainCollectionExt.swift in Sources */,
				C01BFDFA20D3E4C000A282D6 /* AboutHandlers.swift in Sources */,
				C01BFDF420D3D13500A282D6 /* BabyVC.swift in Sources */,
				C0C6952520D259E100FED852 /* TutorialVC.swift in Sources */,
				C01BFDF220D3CDF600A282D6 /* MenuModel.swift in Sources */,
				C01BFDF820D3E4B000A282D6 /* BabyHandlers.swift in Sources */,
				C0C6952120D259A900FED852 /* MenuVC.swift in Sources */,
				C0C6952C20D2636B00FED852 /* MainHandler.swift in Sources */,
				C0C6953520D2668800FED852 /* MelodieModel.swift in Sources */,
			);
			runOnlyForDeploymentPostprocessing = 0;
		};
		C0C694FF20D2594B00FED852 /* Sources */ = {
			isa = PBXSourcesBuildPhase;
			buildActionMask = 2147483647;
			files = (
				C0C6950820D2594B00FED852 /* Sweet_Dreams_AppTests.swift in Sources */,
			);
			runOnlyForDeploymentPostprocessing = 0;
		};
		C0C6950A20D2594B00FED852 /* Sources */ = {
			isa = PBXSourcesBuildPhase;
			buildActionMask = 2147483647;
			files = (
				C0C6951320D2594B00FED852 /* Sweet_Dreams_AppUITests.swift in Sources */,
			);
			runOnlyForDeploymentPostprocessing = 0;
		};
/* End PBXSourcesBuildPhase section */

/* Begin PBXTargetDependency section */
		C0C6950520D2594B00FED852 /* PBXTargetDependency */ = {
			isa = PBXTargetDependency;
			target = C0C694EB20D2594800FED852 /* Sweet Dreams App */;
			targetProxy = C0C6950420D2594B00FED852 /* PBXContainerItemProxy */;
		};
		C0C6951020D2594B00FED852 /* PBXTargetDependency */ = {
			isa = PBXTargetDependency;
			target = C0C694EB20D2594800FED852 /* Sweet Dreams App */;
			targetProxy = C0C6950F20D2594B00FED852 /* PBXContainerItemProxy */;
		};
/* End PBXTargetDependency section */

/* Begin PBXVariantGroup section */
		C0C694F320D2594800FED852 /* Main.storyboard */ = {
			isa = PBXVariantGroup;
			children = (
				C0C694F420D2594800FED852 /* Base */,
			);
			name = Main.storyboard;
			sourceTree = "<group>";
		};
		C0C694FB20D2594B00FED852 /* LaunchScreen.storyboard */ = {
			isa = PBXVariantGroup;
			children = (
				C0C694FC20D2594B00FED852 /* Base */,
			);
			name = LaunchScreen.storyboard;
			sourceTree = "<group>";
		};
/* End PBXVariantGroup section */

/* Begin XCBuildConfiguration section */
		C0C6951520D2594B00FED852 /* Debug */ = {
			isa = XCBuildConfiguration;
			buildSettings = {
				ALWAYS_SEARCH_USER_PATHS = NO;
				CLANG_ANALYZER_NONNULL = YES;
				CLANG_ANALYZER_NUMBER_OBJECT_CONVERSION = YES_AGGRESSIVE;
				CLANG_CXX_LANGUAGE_STANDARD = "gnu++14";
				CLANG_CXX_LIBRARY = "libc++";
				CLANG_ENABLE_MODULES = YES;
				CLANG_ENABLE_OBJC_ARC = YES;
				CLANG_ENABLE_OBJC_WEAK = YES;
				CLANG_WARN_BLOCK_CAPTURE_AUTORELEASING = YES;
				CLANG_WARN_BOOL_CONVERSION = YES;
				CLANG_WARN_COMMA = YES;
				CLANG_WARN_CONSTANT_CONVERSION = YES;
				CLANG_WARN_DEPRECATED_OBJC_IMPLEMENTATIONS = YES;
				CLANG_WARN_DIRECT_OBJC_ISA_USAGE = YES_ERROR;
				CLANG_WARN_DOCUMENTATION_COMMENTS = YES;
				CLANG_WARN_EMPTY_BODY = YES;
				CLANG_WARN_ENUM_CONVERSION = YES;
				CLANG_WARN_INFINITE_RECURSION = YES;
				CLANG_WARN_INT_CONVERSION = YES;
				CLANG_WARN_NON_LITERAL_NULL_CONVERSION = YES;
				CLANG_WARN_OBJC_IMPLICIT_RETAIN_SELF = YES;
				CLANG_WARN_OBJC_LITERAL_CONVERSION = YES;
				CLANG_WARN_OBJC_ROOT_CLASS = YES_ERROR;
				CLANG_WARN_RANGE_LOOP_ANALYSIS = YES;
				CLANG_WARN_STRICT_PROTOTYPES = YES;
				CLANG_WARN_SUSPICIOUS_MOVE = YES;
				CLANG_WARN_UNGUARDED_AVAILABILITY = YES_AGGRESSIVE;
				CLANG_WARN_UNREACHABLE_CODE = YES;
				CLANG_WARN__DUPLICATE_METHOD_MATCH = YES;
				CODE_SIGN_IDENTITY = "iPhone Developer";
				COPY_PHASE_STRIP = NO;
				DEBUG_INFORMATION_FORMAT = dwarf;
				ENABLE_STRICT_OBJC_MSGSEND = YES;
				ENABLE_TESTABILITY = YES;
				GCC_C_LANGUAGE_STANDARD = gnu11;
				GCC_DYNAMIC_NO_PIC = NO;
				GCC_NO_COMMON_BLOCKS = YES;
				GCC_OPTIMIZATION_LEVEL = 0;
				GCC_PREPROCESSOR_DEFINITIONS = (
					"DEBUG=1",
					"$(inherited)",
				);
				GCC_WARN_64_TO_32_BIT_CONVERSION = YES;
				GCC_WARN_ABOUT_RETURN_TYPE = YES_ERROR;
				GCC_WARN_UNDECLARED_SELECTOR = YES;
				GCC_WARN_UNINITIALIZED_AUTOS = YES_AGGRESSIVE;
				GCC_WARN_UNUSED_FUNCTION = YES;
				GCC_WARN_UNUSED_VARIABLE = YES;
				IPHONEOS_DEPLOYMENT_TARGET = 11.4;
				MTL_ENABLE_DEBUG_INFO = YES;
				ONLY_ACTIVE_ARCH = YES;
				SDKROOT = iphoneos;
				SWIFT_ACTIVE_COMPILATION_CONDITIONS = DEBUG;
				SWIFT_OPTIMIZATION_LEVEL = "-Onone";
			};
			name = Debug;
		};
		C0C6951620D2594B00FED852 /* Release */ = {
			isa = XCBuildConfiguration;
			buildSettings = {
				ALWAYS_SEARCH_USER_PATHS = NO;
				CLANG_ANALYZER_NONNULL = YES;
				CLANG_ANALYZER_NUMBER_OBJECT_CONVERSION = YES_AGGRESSIVE;
				CLANG_CXX_LANGUAGE_STANDARD = "gnu++14";
				CLANG_CXX_LIBRARY = "libc++";
				CLANG_ENABLE_MODULES = YES;
				CLANG_ENABLE_OBJC_ARC = YES;
				CLANG_ENABLE_OBJC_WEAK = YES;
				CLANG_WARN_BLOCK_CAPTURE_AUTORELEASING = YES;
				CLANG_WARN_BOOL_CONVERSION = YES;
				CLANG_WARN_COMMA = YES;
				CLANG_WARN_CONSTANT_CONVERSION = YES;
				CLANG_WARN_DEPRECATED_OBJC_IMPLEMENTATIONS = YES;
				CLANG_WARN_DIRECT_OBJC_ISA_USAGE = YES_ERROR;
				CLANG_WARN_DOCUMENTATION_COMMENTS = YES;
				CLANG_WARN_EMPTY_BODY = YES;
				CLANG_WARN_ENUM_CONVERSION = YES;
				CLANG_WARN_INFINITE_RECURSION = YES;
				CLANG_WARN_INT_CONVERSION = YES;
				CLANG_WARN_NON_LITERAL_NULL_CONVERSION = YES;
				CLANG_WARN_OBJC_IMPLICIT_RETAIN_SELF = YES;
				CLANG_WARN_OBJC_LITERAL_CONVERSION = YES;
				CLANG_WARN_OBJC_ROOT_CLASS = YES_ERROR;
				CLANG_WARN_RANGE_LOOP_ANALYSIS = YES;
				CLANG_WARN_STRICT_PROTOTYPES = YES;
				CLANG_WARN_SUSPICIOUS_MOVE = YES;
				CLANG_WARN_UNGUARDED_AVAILABILITY = YES_AGGRESSIVE;
				CLANG_WARN_UNREACHABLE_CODE = YES;
				CLANG_WARN__DUPLICATE_METHOD_MATCH = YES;
				CODE_SIGN_IDENTITY = "iPhone Developer";
				COPY_PHASE_STRIP = NO;
				DEBUG_INFORMATION_FORMAT = "dwarf-with-dsym";
				ENABLE_NS_ASSERTIONS = NO;
				ENABLE_STRICT_OBJC_MSGSEND = YES;
				GCC_C_LANGUAGE_STANDARD = gnu11;
				GCC_NO_COMMON_BLOCKS = YES;
				GCC_WARN_64_TO_32_BIT_CONVERSION = YES;
				GCC_WARN_ABOUT_RETURN_TYPE = YES_ERROR;
				GCC_WARN_UNDECLARED_SELECTOR = YES;
				GCC_WARN_UNINITIALIZED_AUTOS = YES_AGGRESSIVE;
				GCC_WARN_UNUSED_FUNCTION = YES;
				GCC_WARN_UNUSED_VARIABLE = YES;
				IPHONEOS_DEPLOYMENT_TARGET = 11.4;
				MTL_ENABLE_DEBUG_INFO = NO;
				SDKROOT = iphoneos;
				SWIFT_COMPILATION_MODE = wholemodule;
				SWIFT_OPTIMIZATION_LEVEL = "-O";
				VALIDATE_PRODUCT = YES;
			};
			name = Release;
		};
		C0C6951820D2594B00FED852 /* Debug */ = {
			isa = XCBuildConfiguration;
			buildSettings = {
				ASSETCATALOG_COMPILER_APPICON_NAME = AppIcon;
				CODE_SIGN_STYLE = Automatic;
				DEVELOPMENT_TEAM = Z4NGAZXKWW;
				INFOPLIST_FILE = "Sweet Dreams App/Info.plist";
				LD_RUNPATH_SEARCH_PATHS = (
					"$(inherited)",
					"@executable_path/Frameworks",
				);
				PRODUCT_BUNDLE_IDENTIFIER = "uladzislau.daratsiuk.Sweet-Dreams-App";
				PRODUCT_NAME = "$(TARGET_NAME)";
				SWIFT_VERSION = 4.0;
				TARGETED_DEVICE_FAMILY = 1;
			};
			name = Debug;
		};
		C0C6951920D2594B00FED852 /* Release */ = {
			isa = XCBuildConfiguration;
			buildSettings = {
				ASSETCATALOG_COMPILER_APPICON_NAME = AppIcon;
				CODE_SIGN_STYLE = Automatic;
				DEVELOPMENT_TEAM = Z4NGAZXKWW;
				INFOPLIST_FILE = "Sweet Dreams App/Info.plist";
				LD_RUNPATH_SEARCH_PATHS = (
					"$(inherited)",
					"@executable_path/Frameworks",
				);
				PRODUCT_BUNDLE_IDENTIFIER = "uladzislau.daratsiuk.Sweet-Dreams-App";
				PRODUCT_NAME = "$(TARGET_NAME)";
				SWIFT_VERSION = 4.0;
				TARGETED_DEVICE_FAMILY = 1;
			};
			name = Release;
		};
		C0C6951B20D2594B00FED852 /* Debug */ = {
			isa = XCBuildConfiguration;
			buildSettings = {
				ALWAYS_EMBED_SWIFT_STANDARD_LIBRARIES = YES;
				BUNDLE_LOADER = "$(TEST_HOST)";
				CODE_SIGN_STYLE = Automatic;
				DEVELOPMENT_TEAM = Z4NGAZXKWW;
				INFOPLIST_FILE = "Sweet Dreams AppTests/Info.plist";
				LD_RUNPATH_SEARCH_PATHS = (
					"$(inherited)",
					"@executable_path/Frameworks",
					"@loader_path/Frameworks",
				);
				PRODUCT_BUNDLE_IDENTIFIER = "uladzislau.daratsiuk.Sweet-Dreams-AppTests";
				PRODUCT_NAME = "$(TARGET_NAME)";
				SWIFT_VERSION = 4.0;
				TARGETED_DEVICE_FAMILY = "1,2";
				TEST_HOST = "$(BUILT_PRODUCTS_DIR)/Sweet Dreams App.app/Sweet Dreams App";
			};
			name = Debug;
		};
		C0C6951C20D2594B00FED852 /* Release */ = {
			isa = XCBuildConfiguration;
			buildSettings = {
				ALWAYS_EMBED_SWIFT_STANDARD_LIBRARIES = YES;
				BUNDLE_LOADER = "$(TEST_HOST)";
				CODE_SIGN_STYLE = Automatic;
				DEVELOPMENT_TEAM = Z4NGAZXKWW;
				INFOPLIST_FILE = "Sweet Dreams AppTests/Info.plist";
				LD_RUNPATH_SEARCH_PATHS = (
					"$(inherited)",
					"@executable_path/Frameworks",
					"@loader_path/Frameworks",
				);
				PRODUCT_BUNDLE_IDENTIFIER = "uladzislau.daratsiuk.Sweet-Dreams-AppTests";
				PRODUCT_NAME = "$(TARGET_NAME)";
				SWIFT_VERSION = 4.0;
				TARGETED_DEVICE_FAMILY = "1,2";
				TEST_HOST = "$(BUILT_PRODUCTS_DIR)/Sweet Dreams App.app/Sweet Dreams App";
			};
			name = Release;
		};
		C0C6951E20D2594B00FED852 /* Debug */ = {
			isa = XCBuildConfiguration;
			buildSettings = {
				ALWAYS_EMBED_SWIFT_STANDARD_LIBRARIES = YES;
				CODE_SIGN_STYLE = Automatic;
				DEVELOPMENT_TEAM = Z4NGAZXKWW;
				INFOPLIST_FILE = "Sweet Dreams AppUITests/Info.plist";
				LD_RUNPATH_SEARCH_PATHS = (
					"$(inherited)",
					"@executable_path/Frameworks",
					"@loader_path/Frameworks",
				);
				PRODUCT_BUNDLE_IDENTIFIER = "uladzislau.daratsiuk.Sweet-Dreams-AppUITests";
				PRODUCT_NAME = "$(TARGET_NAME)";
				SWIFT_VERSION = 4.0;
				TARGETED_DEVICE_FAMILY = "1,2";
				TEST_TARGET_NAME = "Sweet Dreams App";
			};
			name = Debug;
		};
		C0C6951F20D2594B00FED852 /* Release */ = {
			isa = XCBuildConfiguration;
			buildSettings = {
				ALWAYS_EMBED_SWIFT_STANDARD_LIBRARIES = YES;
				CODE_SIGN_STYLE = Automatic;
				DEVELOPMENT_TEAM = Z4NGAZXKWW;
				INFOPLIST_FILE = "Sweet Dreams AppUITests/Info.plist";
				LD_RUNPATH_SEARCH_PATHS = (
					"$(inherited)",
					"@executable_path/Frameworks",
					"@loader_path/Frameworks",
				);
				PRODUCT_BUNDLE_IDENTIFIER = "uladzislau.daratsiuk.Sweet-Dreams-AppUITests";
				PRODUCT_NAME = "$(TARGET_NAME)";
				SWIFT_VERSION = 4.0;
				TARGETED_DEVICE_FAMILY = "1,2";
				TEST_TARGET_NAME = "Sweet Dreams App";
			};
			name = Release;
		};
/* End XCBuildConfiguration section */

/* Begin XCConfigurationList section */
		C0C694E720D2594800FED852 /* Build configuration list for PBXProject "Sweet Dreams App" */ = {
			isa = XCConfigurationList;
			buildConfigurations = (
				C0C6951520D2594B00FED852 /* Debug */,
				C0C6951620D2594B00FED852 /* Release */,
			);
			defaultConfigurationIsVisible = 0;
			defaultConfigurationName = Release;
		};
		C0C6951720D2594B00FED852 /* Build configuration list for PBXNativeTarget "Sweet Dreams App" */ = {
			isa = XCConfigurationList;
			buildConfigurations = (
				C0C6951820D2594B00FED852 /* Debug */,
				C0C6951920D2594B00FED852 /* Release */,
			);
			defaultConfigurationIsVisible = 0;
			defaultConfigurationName = Release;
		};
		C0C6951A20D2594B00FED852 /* Build configuration list for PBXNativeTarget "Sweet Dreams AppTests" */ = {
			isa = XCConfigurationList;
			buildConfigurations = (
				C0C6951B20D2594B00FED852 /* Debug */,
				C0C6951C20D2594B00FED852 /* Release */,
			);
			defaultConfigurationIsVisible = 0;
			defaultConfigurationName = Release;
		};
		C0C6951D20D2594B00FED852 /* Build configuration list for PBXNativeTarget "Sweet Dreams AppUITests" */ = {
			isa = XCConfigurationList;
			buildConfigurations = (
				C0C6951E20D2594B00FED852 /* Debug */,
				C0C6951F20D2594B00FED852 /* Release */,
			);
			defaultConfigurationIsVisible = 0;
			defaultConfigurationName = Release;
		};
/* End XCConfigurationList section */

/* Begin XCVersionGroup section */
		C0C694F620D2594800FED852 /* Sweet_Dreams_App.xcdatamodeld */ = {
			isa = XCVersionGroup;
			children = (
				C0C694F720D2594800FED852 /* Sweet_Dreams_App.xcdatamodel */,
			);
			currentVersion = C0C694F720D2594800FED852 /* Sweet_Dreams_App.xcdatamodel */;
			path = Sweet_Dreams_App.xcdatamodeld;
			sourceTree = "<group>";
			versionGroupType = wrapper.xcdatamodel;
		};
/* End XCVersionGroup section */
	};
	rootObject = C0C694E420D2594800FED852 /* Project object */;
}
